
Microsoft Visual Studio Solution File, Format Version 12.00
# Visual Studio Version 17
VisualStudioVersion = 17.13.35919.96 d17.13
MinimumVisualStudioVersion = 10.0.40219.1
Project("{8BC9CEB8-8B4A-11D0-8D11-00A0C91BC942}") = "Ollivander", "Ollivander\Ollivander.vcxproj", "{B2E7DE01-E142-4D29-BB04-FD9B5875C288}"
EndProject
Global
	GlobalSection(SolutionConfigurationPlatforms) = preSolution
		Debug|x64 = Debug|x64
		Debug|x86 = Debug|x86
		Release|x64 = Release|x64
		Release|x86 = Release|x86
	EndGlobalSection
	GlobalSection(ProjectConfigurationPlatforms) = postSolution
		{B2E7DE01-E142-4D29-BB04-FD9B5875C288}.Debug|x64.ActiveCfg = Debug|x64
		{B2E7DE01-E142-4D29-BB04-FD9B5875C288}.Debug|x64.Build.0 = Debug|x64
		{B2E7DE01-E142-4D29-BB04-FD9B5875C288}.Debug|x86.ActiveCfg = Debug|Win32
		{B2E7DE01-E142-4D29-BB04-FD9B5875C288}.Debug|x86.Build.0 = Debug|Win32
		{B2E7DE01-E142-4D29-BB04-FD9B5875C288}.Release|x64.ActiveCfg = Release|x64
		{B2E7DE01-E142-4D29-BB04-FD9B5875C288}.Release|x64.Build.0 = Release|x64
		{B2E7DE01-E142-4D29-BB04-FD9B5875C288}.Release|x86.ActiveCfg = Release|Win32
		{B2E7DE01-E142-4D29-BB04-FD9B5875C288}.Release|x86.Build.0 = Release|Win32
	EndGlobalSection
	GlobalSection(SolutionProperties) = preSolution
		HideSolutionNode = FALSE
	EndGlobalSection
	GlobalSection(ExtensibilityGlobals) = postSolution
		SolutionGuid = {E09CB71F-B0A2-494B-B1F4-3BB3D7BD5AAA}
	EndGlobalSection
EndGlobal
