
Microsoft Visual Studio Solution File, Format Version 12.00
# Visual Studio Version 17
VisualStudioVersion = 17.13.35919.96 d17.13
MinimumVisualStudioVersion = 10.0.40219.1
Project("{8BC9CEB8-8B4A-11D0-8D11-00A0C91BC942}") = "06BucketSort", "06BucketSort\06BucketSort.vcxproj", "{EDBC86A8-BB29-478B-B756-B9EB23B170A6}"
EndProject
Global
	GlobalSection(SolutionConfigurationPlatforms) = preSolution
		Debug|x64 = Debug|x64
		Debug|x86 = Debug|x86
		Release|x64 = Release|x64
		Release|x86 = Release|x86
	EndGlobalSection
	GlobalSection(ProjectConfigurationPlatforms) = postSolution
		{EDBC86A8-BB29-478B-B756-B9EB23B170A6}.Debug|x64.ActiveCfg = Debug|x64
		{EDBC86A8-BB29-478B-B756-B9EB23B170A6}.Debug|x64.Build.0 = Debug|x64
		{EDBC86A8-BB29-478B-B756-B9EB23B170A6}.Debug|x86.ActiveCfg = Debug|Win32
		{EDBC86A8-BB29-478B-B756-B9EB23B170A6}.Debug|x86.Build.0 = Debug|Win32
		{EDBC86A8-BB29-478B-B756-B9EB23B170A6}.Release|x64.ActiveCfg = Release|x64
		{EDBC86A8-BB29-478B-B756-B9EB23B170A6}.Release|x64.Build.0 = Release|x64
		{EDBC86A8-BB29-478B-B756-B9EB23B170A6}.Release|x86.ActiveCfg = Release|Win32
		{EDBC86A8-BB29-478B-B756-B9EB23B170A6}.Release|x86.Build.0 = Release|Win32
	EndGlobalSection
	GlobalSection(SolutionProperties) = preSolution
		HideSolutionNode = FALSE
	EndGlobalSection
	GlobalSection(ExtensibilityGlobals) = postSolution
		SolutionGuid = {1563FE3C-93C0-428B-B60C-6F63D6BCF0DA}
	EndGlobalSection
EndGlobal
